github.com/bobertlo/go-mpg123 v0.0.0-20211210004329-c83f21a0fd39 h1:VCejVrz3ZyFZbDZTAawyzqVTPvsqaYkDNriuvqI+Ul4=
github.com/bobertlo/go-mpg123 v0.0.0-20211210004329-c83f21a0fd39/go.mod h1:mXbpHtCUpJj6n++mw/GWIxTeajLCSA7+uKHc9yP+WBI=
github.com/gordonklaus/portaudio v0.0.0-20200911161147-bb74aa485641 h1:B7ADnac3Yy6Vtcp2mstnsjUtarYcjy4AL0R6eNEhZAk=
github.com/gordonklaus/portaudio v0.0.0-20200911161147-bb74aa485641/go.mod h1:HfYnZi/ARQKG0dwH5HNDmPCHdLiFiBf+SI7DbhW7et4=
